
Microsoft Visual Studio Solution File, Format Version 12.00
# Visual Studio Version 17
VisualStudioVersion = 17.8.34330.188
MinimumVisualStudioVersion = 10.0.40219.1
Project("{FAE04EC0-301F-11D3-BF4B-00C04F79EFBC}") = "CDR", "CDR\CDR.csproj", "{130E7CB9-257C-4A7B-AAAC-D8C500FD82B9}"
EndProject
Project("{FAE04EC0-301F-11D3-BF4B-00C04F79EFBC}") = "CDR.Tests", "CDR.Tests\CDR.Tests.csproj", "{260716A0-5710-4B27-BC04-C7F5C23372D6}"
EndProject
Global
	GlobalSection(SolutionConfigurationPlatforms) = preSolution
		Debug|Any CPU = Debug|Any CPU
		Release|Any CPU = Release|Any CPU
	EndGlobalSection
	GlobalSection(ProjectConfigurationPlatforms) = postSolution
		{130E7CB9-257C-4A7B-AAAC-D8C500FD82B9}.Debug|Any CPU.ActiveCfg = Debug|Any CPU
		{130E7CB9-257C-4A7B-AAAC-D8C500FD82B9}.Debug|Any CPU.Build.0 = Debug|Any CPU
		{130E7CB9-257C-4A7B-AAAC-D8C500FD82B9}.Release|Any CPU.ActiveCfg = Release|Any CPU
		{130E7CB9-257C-4A7B-AAAC-D8C500FD82B9}.Release|Any CPU.Build.0 = Release|Any CPU
		{260716A0-5710-4B27-BC04-C7F5C23372D6}.Debug|Any CPU.ActiveCfg = Debug|Any CPU
		{260716A0-5710-4B27-BC04-C7F5C23372D6}.Debug|Any CPU.Build.0 = Debug|Any CPU
		{260716A0-5710-4B27-BC04-C7F5C23372D6}.Release|Any CPU.ActiveCfg = Release|Any CPU
		{260716A0-5710-4B27-BC04-C7F5C23372D6}.Release|Any CPU.Build.0 = Release|Any CPU
	EndGlobalSection
	GlobalSection(SolutionProperties) = preSolution
		HideSolutionNode = FALSE
	EndGlobalSection
	GlobalSection(ExtensibilityGlobals) = postSolution
		SolutionGuid = {62AC7314-632A-4B8C-87A6-0ABFC2268172}
	EndGlobalSection
EndGlobal
